dependencies:
  espressif/esp-idf-cxx:
    component_hash: 2fa63e4e725f0c2d3dd6d99da8a91d404b4b49667088b1be0f336eb9c13ff17f
    dependencies:
    - name: idf
      require: private
      version: '>=5.0'
    source:
      pre_release: true
      registry_url: https://components.espressif.com/
      type: service
    version: 1.0.2-beta
  idf:
    source:
      type: idf
    version: 5.4.0
direct_dependencies:
- espressif/esp-idf-cxx
- idf
manifest_hash: 9c7e58d506f10cf10e3cbe0cb2801e7247bbf30025bedef863f2d88531aeaa7e
target: esp32
version: 2.0.0
